{
  "lockfileVersion": 1,
  "configVersion": 1,
  "workspaces": {
    "": {
      "name": "kruuu-contracts-scripts",
      "dependencies": {
        "@cosmjs/proto-signing": "^0.33.1",
      },
    },
  },
  "packages": {
    "@cosmjs/amino": ["@cosmjs/amino@0.33.1", "", { "dependencies": { "@cosmjs/crypto": "^0.33.1", "@cosmjs/encoding": "^0.33.1", "@cosmjs/math": "^0.33.1", "@cosmjs/utils": "^0.33.1" } }, "sha512-WfWiBf2EbIWpwKG9AOcsIIkR717SY+JdlXM/SL/bI66BdrhniAF+/ZNis9Vo9HF6lP2UU5XrSmFA4snAvEgdrg=="],

    "@cosmjs/crypto": ["@cosmjs/crypto@0.33.1", "", { "dependencies": { "@cosmjs/encoding": "^0.33.1", "@cosmjs/math": "^0.33.1", "@cosmjs/utils": "^0.33.1", "@noble/hashes": "^1", "bn.js": "^5.2.0", "elliptic": "^6.6.1", "libsodium-wrappers-sumo": "^0.7.11" } }, "sha512-U4kGIj/SNBzlb2FGgA0sMR0MapVgJUg8N+oIAiN5+vl4GZ3aefmoL1RDyTrFS/7HrB+M+MtHsxC0tvEu4ic/zA=="],

    "@cosmjs/encoding": ["@cosmjs/encoding@0.33.1", "", { "dependencies": { "base64-js": "^1.3.0", "bech32": "^1.1.4", "readonly-date": "^1.0.0" } }, "sha512-nuNxf29fUcQE14+1p//VVQDwd1iau5lhaW/7uMz7V2AH3GJbFJoJVaKvVyZvdFk+Cnu+s3wCqgq4gJkhRCJfKw=="],

    "@cosmjs/math": ["@cosmjs/math@0.33.1", "", { "dependencies": { "bn.js": "^5.2.0" } }, "sha512-ytGkWdKFCPiiBU5eqjHNd59djPpIsOjbr2CkNjlnI1Zmdj+HDkSoD9MUGpz9/RJvRir5IvsXqdE05x8EtoQkJA=="],

    "@cosmjs/proto-signing": ["@cosmjs/proto-signing@0.33.1", "", { "dependencies": { "@cosmjs/amino": "^0.33.1", "@cosmjs/crypto": "^0.33.1", "@cosmjs/encoding": "^0.33.1", "@cosmjs/math": "^0.33.1", "@cosmjs/utils": "^0.33.1", "cosmjs-types": "^0.9.0" } }, "sha512-Sv4W+MxX+0LVnd+2rU4Fw1HRsmMwSVSYULj7pRkij3wnPwUlTVoJjmKFgKz13ooIlfzPrz/dnNjGp/xnmXChFQ=="],

    "@cosmjs/utils": ["@cosmjs/utils@0.33.1", "", {}, "sha512-UnLHDY6KMmC+UXf3Ufyh+onE19xzEXjT4VZ504Acmk4PXxqyvG4cCPprlKUFnGUX7f0z8Or9MAOHXBx41uHBcg=="],

    "@noble/hashes": ["@noble/hashes@1.8.0", "", {}, "sha512-jCs9ldd7NwzpgXDIf6P3+NrHh9/sD6CQdxHyjQI+h/6rDNo88ypBxxz45UDuZHz9r3tNz7N/VInSVoVdtXEI4A=="],

    "base64-js": ["base64-js@1.5.1", "", {}, "sha512-AKpaYlHn8t4SVbOHCy+b5+KKgvR4vrsD8vbvrbiQJps7fKDTkjkDry6ji0rUJjC0kzbNePLwzxq8iypo41qeWA=="],

    "bech32": ["bech32@1.1.4", "", {}, "sha512-s0IrSOzLlbvX7yp4WBfPITzpAU8sqQcpsmwXDiKwrG4r491vwCO/XpejasRNl0piBMe/DvP4Tz0mIS/X1DPJBQ=="],

    "bn.js": ["bn.js@5.2.5", "", {}, "sha512-Vq886eXykuP5E6HcKSSStP3bJgrE6In5WKxVUvJ8XGpWWYs2xZHWqUwzCtGgEtBcxyd57KBFDPFoUfNzdaHCNg=="],

    "brorand": ["brorand@1.1.0", "", {}, "sha512-cKV8tMCEpQs4hK/ik71d6LrPOnpkpGBR0wzxqr68g2m/LB2GxVYQroAjMJZRVM1Y4BCjCKc3vAamxSzOY2RP+w=="],

    "cosmjs-types": ["cosmjs-types@0.9.0", "", {}, "sha512-MN/yUe6mkJwHnCFfsNPeCfXVhyxHYW6c/xDUzrSbBycYzw++XvWDMJArXp2pLdgD6FQ8DW79vkPjeNKVrXaHeQ=="],

    "elliptic": ["elliptic@6.6.1", "", { "dependencies": { "bn.js": "^4.11.9", "brorand": "^1.1.0", "hash.js": "^1.0.0", "hmac-drbg": "^1.0.1", "inherits": "^2.0.4", "minimalistic-assert": "^1.0.1", "minimalistic-crypto-utils": "^1.0.1" } }, "sha512-RaddvvMatK2LJHqFJ+YA4WysVN5Ita9E35botqIYspQ4TkRAlCicdzKOjlyv/1Za5RyTNn7di//eEV0uTAfe3g=="],

    "hash.js": ["hash.js@1.1.7", "", { "dependencies": { "inherits": "^2.0.3", "minimalistic-assert": "^1.0.1" } }, "sha512-taOaskGt4z4SOANNseOviYDvjEJinIkRgmp7LbKP2YTTmVxWBl87s/uzK9r+44BclBSp2X7K1hqeNfz9JbBeXA=="],

    "hmac-drbg": ["hmac-drbg@1.0.1", "", { "dependencies": { "hash.js": "^1.0.3", "minimalistic-assert": "^1.0.0", "minimalistic-crypto-utils": "^1.0.1" } }, "sha512-Tti3gMqLdZfhOQY1Mzf/AanLiqh1WTiJgEj26ZuYQ9fbkLomzGchCws4FyrSd4VkpBfiNhaE1On+lOz894jvXg=="],

    "inherits": ["inherits@2.0.4", "", {}, "sha512-k/vGaX4/Yla3WzyMCvTQOXYeIHvqOKtnqBduzTHpzpQZzAskKMhZ2K+EnBiSM9zGSoIFeMpXKxa4dYeZIQqewQ=="],

    "libsodium-sumo": ["libsodium-sumo@0.7.16", "", {}, "sha512-x6atrz2AdXCJg6G709x9W9TTJRI6/0NcL5dD0l5GGVqNE48UJmDsjO4RUWYTeyXXUpg+NXZ2SHECaZnFRYzwGA=="],

    "libsodium-wrappers-sumo": ["libsodium-wrappers-sumo@0.7.16", "", { "dependencies": { "libsodium-sumo": "^0.7.16" } }, "sha512-gR0JEFPeN3831lB9+ogooQk0KH4K5LSMIO5Prd5Q5XYR2wHFtZfPg0eP7t1oJIWq+UIzlU4WVeBxZ97mt28tXw=="],

    "minimalistic-assert": ["minimalistic-assert@1.0.1", "", {}, "sha512-UtJcAD4yEaGtjPezWuO9wC4nwUnVH/8/Im3yEHQP4b67cXlD/Qr9hdITCU1xDbSEXg2XKNaP8jsReV7vQd00/A=="],

    "minimalistic-crypto-utils": ["minimalistic-crypto-utils@1.0.1", "", {}, "sha512-JIYlbt6g8i5jKfJ3xz7rF0LXmv2TkDxBLUkiBeZ7bAx4GnnNMr8xFpGnOxn6GhTEHx3SjRrZEoU+j04prX1ktg=="],

    "readonly-date": ["readonly-date@1.0.0", "", {}, "sha512-tMKIV7hlk0h4mO3JTmmVuIlJVXjKk3Sep9Bf5OH0O+758ruuVkUy2J9SttDLm91IEX/WHlXPSpxMGjPj4beMIQ=="],

    "elliptic/bn.js": ["bn.js@4.12.5", "", {}, "sha512-3aRg6/JxfffFD+OlOjOFR3Vo79l39ooBTFucxx+MT3dhCtzn3EmiUPQo+6/OZuI2jbXi3YKgmiTFBgChQMwIRQ=="],
  }
}
